
Microsoft Visual Studio Solution File, Format Version 12.00
# Visual Studio Version 17
VisualStudioVersion = 17.10.35027.167
MinimumVisualStudioVersion = 10.0.40219.1
Project("{FAE04EC0-301F-11D3-BF4B-00C04F79EFBC}") = "Week4FinalHW", "Week4FinalHW\Week4FinalHW.csproj", "{3AF435EA-4681-4846-9760-F9AB400F3C1B}"
EndProject
Global
	GlobalSection(SolutionConfigurationPlatforms) = preSolution
		Debug|Any CPU = Debug|Any CPU
		Release|Any CPU = Release|Any CPU
	EndGlobalSection
	GlobalSection(ProjectConfigurationPlatforms) = postSolution
		{3AF435EA-4681-4846-9760-F9AB400F3C1B}.Debug|Any CPU.ActiveCfg = Debug|Any CPU
		{3AF435EA-4681-4846-9760-F9AB400F3C1B}.Debug|Any CPU.Build.0 = Debug|Any CPU
		{3AF435EA-4681-4846-9760-F9AB400F3C1B}.Release|Any CPU.ActiveCfg = Release|Any CPU
		{3AF435EA-4681-4846-9760-F9AB400F3C1B}.Release|Any CPU.Build.0 = Release|Any CPU
	EndGlobalSection
	GlobalSection(SolutionProperties) = preSolution
		HideSolutionNode = FALSE
	EndGlobalSection
	GlobalSection(ExtensibilityGlobals) = postSolution
		SolutionGuid = {87CC379F-1793-4514-B582-3C0F7375F10A}
	EndGlobalSection
EndGlobal
